
Microsoft Visual Studio Solution File, Format Version 12.00
# Visual Studio Version 17
VisualStudioVersion = 17.2.32630.192
MinimumVisualStudioVersion = 10.0.40219.1
Project("{FAE04EC0-301F-11D3-BF4B-00C04F79EFBC}") = "Test", "Test\Test.csproj", "{67C4B23F-AC63-4522-BA2E-718E4A28DC0D}"
EndProject
Global
	GlobalSection(SolutionConfigurationPlatforms) = preSolution
		Debug|Any CPU = Debug|Any CPU
		Release|Any CPU = Release|Any CPU
	EndGlobalSection
	GlobalSection(ProjectConfigurationPlatforms) = postSolution
		{67C4B23F-AC63-4522-BA2E-718E4A28DC0D}.Debug|Any CPU.ActiveCfg = Debug|Any CPU
		{67C4B23F-AC63-4522-BA2E-718E4A28DC0D}.Debug|Any CPU.Build.0 = Debug|Any CPU
		{67C4B23F-AC63-4522-BA2E-718E4A28DC0D}.Release|Any CPU.ActiveCfg = Release|Any CPU
		{67C4B23F-AC63-4522-BA2E-718E4A28DC0D}.Release|Any CPU.Build.0 = Release|Any CPU
	EndGlobalSection
	GlobalSection(SolutionProperties) = preSolution
		HideSolutionNode = FALSE
	EndGlobalSection
	GlobalSection(ExtensibilityGlobals) = postSolution
		SolutionGuid = {FBD104A8-2EA0-4812-B152-AEDBE4A7A3B7}
	EndGlobalSection
EndGlobal
